
Microsoft Visual Studio Solution File, Format Version 12.00
# Visual Studio Version 16
VisualStudioVersion = 16.0.29509.3
MinimumVisualStudioVersion = 10.0.40219.1
Project("{FAE04EC0-301F-11D3-BF4B-00C04F79EFBC}") = "Abonents_lab8", "Abonents_lab8\Abonents_lab8.csproj", "{59BC9C9A-E6B0-4CBD-9162-356ACAD92CAB}"
EndProject
Project("{FAE04EC0-301F-11D3-BF4B-00C04F79EFBC}") = "UnitTestProject2", "UnitTestProject2\UnitTestProject2.csproj", "{E8E68755-90DA-4E9D-A93E-9D204C74575E}"
EndProject
Global
	GlobalSection(SolutionConfigurationPlatforms) = preSolution
		Debug|Any CPU = Debug|Any CPU
		Release|Any CPU = Release|Any CPU
	EndGlobalSection
	GlobalSection(ProjectConfigurationPlatforms) = postSolution
		{59BC9C9A-E6B0-4CBD-9162-356ACAD92CAB}.Debug|Any CPU.ActiveCfg = Debug|Any CPU
		{59BC9C9A-E6B0-4CBD-9162-356ACAD92CAB}.Debug|Any CPU.Build.0 = Debug|Any CPU
		{59BC9C9A-E6B0-4CBD-9162-356ACAD92CAB}.Release|Any CPU.ActiveCfg = Release|Any CPU
		{59BC9C9A-E6B0-4CBD-9162-356ACAD92CAB}.Release|Any CPU.Build.0 = Release|Any CPU
		{E8E68755-90DA-4E9D-A93E-9D204C74575E}.Debug|Any CPU.ActiveCfg = Debug|Any CPU
		{E8E68755-90DA-4E9D-A93E-9D204C74575E}.Debug|Any CPU.Build.0 = Debug|Any CPU
		{E8E68755-90DA-4E9D-A93E-9D204C74575E}.Release|Any CPU.ActiveCfg = Release|Any CPU
		{E8E68755-90DA-4E9D-A93E-9D204C74575E}.Release|Any CPU.Build.0 = Release|Any CPU
	EndGlobalSection
	GlobalSection(SolutionProperties) = preSolution
		HideSolutionNode = FALSE
	EndGlobalSection
	GlobalSection(ExtensibilityGlobals) = postSolution
		SolutionGuid = {476E9DE9-3D22-4C8B-B77A-C672EE6913D3}
	EndGlobalSection
EndGlobal
